
Microsoft Visual Studio Solution File, Format Version 12.00
# Visual Studio Version 17
VisualStudioVersion = 17.4.33110.190
MinimumVisualStudioVersion = 10.0.40219.1
Project("{FAE04EC0-301F-11D3-BF4B-00C04F79EFBC}") = "DelegatesAndEvents", "DelegatesAndEvents\DelegatesAndEvents.csproj", "{B7BCBD3E-1129-4465-9F4B-4FCA46219812}"
EndProject
Global
	GlobalSection(SolutionConfigurationPlatforms) = preSolution
		Debug|Any CPU = Debug|Any CPU
		Release|Any CPU = Release|Any CPU
	EndGlobalSection
	GlobalSection(ProjectConfigurationPlatforms) = postSolution
		{B7BCBD3E-1129-4465-9F4B-4FCA46219812}.Debug|Any CPU.ActiveCfg = Debug|Any CPU
		{B7BCBD3E-1129-4465-9F4B-4FCA46219812}.Debug|Any CPU.Build.0 = Debug|Any CPU
		{B7BCBD3E-1129-4465-9F4B-4FCA46219812}.Release|Any CPU.ActiveCfg = Release|Any CPU
		{B7BCBD3E-1129-4465-9F4B-4FCA46219812}.Release|Any CPU.Build.0 = Release|Any CPU
	EndGlobalSection
	GlobalSection(SolutionProperties) = preSolution
		HideSolutionNode = FALSE
	EndGlobalSection
	GlobalSection(ExtensibilityGlobals) = postSolution
		SolutionGuid = {63107599-A1E5-438D-B188-2C889D254A26}
	EndGlobalSection
EndGlobal
